
Microsoft Visual Studio Solution File, Format Version 12.00
# Visual Studio 15
VisualStudioVersion = 15.0.28307.539
MinimumVisualStudioVersion = 10.0.40219.1
Project("{FAE04EC0-301F-11D3-BF4B-00C04F79EFBC}") = "LogToolsUI", "LogToolsUI\LogToolsUI.csproj", "{8BFB15ED-6734-47BB-B4EB-E6AD310F70E9}"
EndProject
Global
	GlobalSection(SolutionConfigurationPlatforms) = preSolution
		Debug|Any CPU = Debug|Any CPU
		Release|Any CPU = Release|Any CPU
	EndGlobalSection
	GlobalSection(ProjectConfigurationPlatforms) = postSolution
		{8BFB15ED-6734-47BB-B4EB-E6AD310F70E9}.Debug|Any CPU.ActiveCfg = Debug|Any CPU
		{8BFB15ED-6734-47BB-B4EB-E6AD310F70E9}.Debug|Any CPU.Build.0 = Debug|Any CPU
		{8BFB15ED-6734-47BB-B4EB-E6AD310F70E9}.Release|Any CPU.ActiveCfg = Release|Any CPU
		{8BFB15ED-6734-47BB-B4EB-E6AD310F70E9}.Release|Any CPU.Build.0 = Release|Any CPU
	EndGlobalSection
	GlobalSection(SolutionProperties) = preSolution
		HideSolutionNode = FALSE
	EndGlobalSection
	GlobalSection(ExtensibilityGlobals) = postSolution
		SolutionGuid = {A0E5F269-FD38-4E77-9D98-B1405582CAA2}
	EndGlobalSection
EndGlobal
